
Microsoft Visual Studio Solution File, Format Version 12.00
# Visual Studio 2012
Project("{FAE04EC0-301F-11D3-BF4B-00C04F79EFBC}") = "HttpManager", "HttpManager\HttpManager.csproj", "{0641F1DF-96BA-483F-A993-892A80B59985}"
EndProject
Global
	GlobalSection(SolutionConfigurationPlatforms) = preSolution
		Debug|Any CPU = Debug|Any CPU
		Release|Any CPU = Release|Any CPU
	EndGlobalSection
	GlobalSection(ProjectConfigurationPlatforms) = postSolution
		{0641F1DF-96BA-483F-A993-892A80B59985}.Debug|Any CPU.ActiveCfg = Debug|Any CPU
		{0641F1DF-96BA-483F-A993-892A80B59985}.Debug|Any CPU.Build.0 = Debug|Any CPU
		{0641F1DF-96BA-483F-A993-892A80B59985}.Release|Any CPU.ActiveCfg = Release|Any CPU
		{0641F1DF-96BA-483F-A993-892A80B59985}.Release|Any CPU.Build.0 = Release|Any CPU
	EndGlobalSection
EndGlobal
